<?xml version="1.0" encoding="utf-8"?>
<Project ToolsVersion="4.0" xmlns="http://schemas.microsoft.com/developer/msbuild/2003">
  <ItemGroup>
    <Filter Include="Source Files">
      <UniqueIdentifier>{4FC737F1-C7A5-4376-A066-2A32D752A2FF}</UniqueIdentifier>
      <Extensions>cpp;c;cc;cxx;c++;cppm;ixx;def;odl;idl;hpj;bat;asm;asmx</Extensions>
    </Filter>
    <Filter Include="Header Files">
      <UniqueIdentifier>{93995380-89BD-4b04-88EB-625FBE52EBFB}</UniqueIdentifier>
      <Extensions>h;hh;hpp;hxx;h++;hm;inl;inc;ipp;xsd</Extensions>
    </Filter>
    <Filter Include="Resource Files">
      <UniqueIdentifier>{67DA6AB6-F800-4c08-8B7A-83BB121AAD01}</UniqueIdentifier>
      <Extensions>rc;ico;cur;bmp;dlg;rc2;rct;bin;rgs;gif;jpg;jpeg;jpe;resx;tiff;tif;png;wav;mfcribbon-ms</Extensions>
    </Filter>
    <Filter Include="Source Files\syntax">
      <UniqueIdentifier>{af4233a7-989f-4a52-bb76-ec492b002daa}</UniqueIdentifier>
    </Filter>
    <Filter Include="Source Files\Laboratory 1">
      <UniqueIdentifier>{3dd025e8-2ba8-4f34-9e92-298a509621ac}</UniqueIdentifier>
    </Filter>
    <Filter Include="Source Files\Laboratory 2">
      <UniqueIdentifier>{302175b6-3c50-4e0c-8b72-4cddad4e2b40}</UniqueIdentifier>
    </Filter>
    <Filter Include="Source Files\Laboratory 3">
      <UniqueIdentifier>{1dcf82ee-37f0-4ab3-91b2-222f43387414}</UniqueIdentifier>
    </Filter>
  </ItemGroup>
  <ItemGroup>
    <ClCompile Include="opp_main.cpp">
      <Filter>Source Files</Filter>
    </ClCompile>
    <ClCompile Include="pointers.cpp">
      <Filter>Source Files</Filter>
    </ClCompile>
    <ClCompile Include="syntax_extern_1.cpp">
      <Filter>Source Files\syntax</Filter>
    </ClCompile>
    <ClCompile Include="syntax_extern_2.cpp">
      <Filter>Source Files\syntax</Filter>
    </ClCompile>
    <ClCompile Include="Homework\H1\H1.cpp">
      <Filter>Source Files\Laboratory 1</Filter>
    </ClCompile>
    <ClCompile Include="Homework\H2\ex 1\H2_NumberList.cpp">
      <Filter>Source Files\Laboratory 2</Filter>
    </ClCompile>
    <ClCompile Include="Homework\H2\H2_main.cpp">
      <Filter>Source Files\Laboratory 2</Filter>
    </ClCompile>
    <ClCompile Include="random_class.h">
      <Filter>Header Files</Filter>
    </ClCompile>
    <ClCompile Include="constructors.cpp">
      <Filter>Source Files</Filter>
    </ClCompile>
    <ClCompile Include="Homework\H2\ex 2\H2_studentProps.cpp">
      <Filter>Source Files\Laboratory 2</Filter>
    </ClCompile>
    <ClCompile Include="Homework\H2\ex 2\H2_studentFct.cpp">
      <Filter>Source Files\Laboratory 2</Filter>
    </ClCompile>
    <ClCompile Include="Homework\H3\ex 1\H3_Math.cpp">
      <Filter>Source Files\Laboratory 3</Filter>
    </ClCompile>
    <ClCompile Include="Homework\H3\H3_main.cpp">
      <Filter>Source Files\Laboratory 3</Filter>
    </ClCompile>
  </ItemGroup>
  <ItemGroup>
    <Text Include="Homework\H1\numbers.txt">
      <Filter>Source Files\Laboratory 1</Filter>
    </Text>
  </ItemGroup>
  <ItemGroup>
    <ClInclude Include="Homework\H1\H1_lab_extra.h">
      <Filter>Header Files</Filter>
    </ClInclude>
    <ClInclude Include="Homework\H2\ex 1\H2_NumberList.h">
      <Filter>Header Files</Filter>
    </ClInclude>
    <ClInclude Include="Homework\H2\ex 2\H2_studentProps.h">
      <Filter>Header Files</Filter>
    </ClInclude>
    <ClInclude Include="Homework\H2\ex 2\H2_studentFct.h">
      <Filter>Header Files</Filter>
    </ClInclude>
    <ClInclude Include="Homework\H3\ex 1\H3_Math.h">
      <Filter>Header Files</Filter>
    </ClInclude>
  </ItemGroup>
</Project>